{
    "version": 3,
    "terraform_version": "0.10.3",
    "serial": 3,
    "lineage": "1cc7dbf2-fa5f-4b58-b023-e0eb20295e6b",
    "modules": [
        {
            "path": [
                "root"
            ],
            "outputs": {
                "vault_server_sg_id": {
                    "sensitive": false,
                    "type": "string",
                    "value": "sg-10685362"
                }
            },
            "resources": {
                "aws_vpc.main": {
                    "type": "aws_vpc",
                    "depends_on": [],
                    "primary": {
                        "id": "vpc-d02197a8",
                        "attributes": {
                            "assign_generated_ipv6_cidr_block": "false",
                            "cidr_block": "10.139.0.0/16",
                            "default_network_acl_id": "acl-7e142006",
                            "default_route_table_id": "rtb-3193c44b",
                            "default_security_group_id": "sg-a2754ed0",
                            "dhcp_options_id": "dopt-018a6667",
                            "enable_classiclink": "false",
                            "enable_classiclink_dns_support": "false",
                            "enable_dns_hostnames": "true",
                            "enable_dns_support": "true",
                            "id": "vpc-d02197a8",
                            "instance_tenancy": "default",
                            "main_route_table_id": "rtb-3193c44b",
                            "tags.%": "1",
                            "tags.Name": "vault-server-ports-aws"
                        },
                        "meta": {
                            "schema_version": "1"
                        },
                        "tainted": false
                    },
                    "deposed": [],
                    "provider": ""
                }
            },
            "depends_on": []
        },
        {
            "path": [
                "root",
                "vault_server_ports_aws"
            ],
            "outputs": {
                "vault_server_sg_id": {
                    "sensitive": false,
                    "type": "string",
                    "value": "sg-10685362"
                }
            },
            "resources": {
                "aws_security_group.vault_server": {
                    "type": "aws_security_group",
                    "depends_on": [],
                    "primary": {
                        "id": "sg-10685362",
                        "attributes": {
                            "description": "Security Group for Vault server instances",
                            "egress.#": "2",
                            "egress.1403647648.cidr_blocks.#": "1",
                            "egress.1403647648.cidr_blocks.0": "0.0.0.0/0",
                            "egress.1403647648.description": "",
                            "egress.1403647648.from_port": "0",
                            "egress.1403647648.ipv6_cidr_blocks.#": "0",
                            "egress.1403647648.prefix_list_ids.#": "0",
                            "egress.1403647648.protocol": "tcp",
                            "egress.1403647648.security_groups.#": "0",
                            "egress.1403647648.self": "false",
                            "egress.1403647648.to_port": "65535",
                            "egress.2096121517.cidr_blocks.#": "1",
                            "egress.2096121517.cidr_blocks.0": "0.0.0.0/0",
                            "egress.2096121517.description": "",
                            "egress.2096121517.from_port": "0",
                            "egress.2096121517.ipv6_cidr_blocks.#": "0",
                            "egress.2096121517.prefix_list_ids.#": "0",
                            "egress.2096121517.protocol": "udp",
                            "egress.2096121517.security_groups.#": "0",
                            "egress.2096121517.self": "false",
                            "egress.2096121517.to_port": "65535",
                            "id": "sg-10685362",
                            "ingress.#": "2",
                            "ingress.1694938510.cidr_blocks.#": "1",
                            "ingress.1694938510.cidr_blocks.0": "10.139.0.0/16",
                            "ingress.1694938510.description": "",
                            "ingress.1694938510.from_port": "8200",
                            "ingress.1694938510.ipv6_cidr_blocks.#": "0",
                            "ingress.1694938510.protocol": "tcp",
                            "ingress.1694938510.security_groups.#": "0",
                            "ingress.1694938510.self": "false",
                            "ingress.1694938510.to_port": "8200",
                            "ingress.2365389768.cidr_blocks.#": "1",
                            "ingress.2365389768.cidr_blocks.0": "10.139.0.0/16",
                            "ingress.2365389768.description": "",
                            "ingress.2365389768.from_port": "8201",
                            "ingress.2365389768.ipv6_cidr_blocks.#": "0",
                            "ingress.2365389768.protocol": "tcp",
                            "ingress.2365389768.security_groups.#": "0",
                            "ingress.2365389768.self": "false",
                            "ingress.2365389768.to_port": "8201",
                            "name": "vault-server-ports-aws",
                            "owner_id": "362381645759",
                            "revoke_rules_on_delete": "false",
                            "tags.%": "1",
                            "tags.Name": "vault-server-ports-aws",
                            "vpc_id": "vpc-d02197a8"
                        },
                        "meta": {
                            "schema_version": "1"
                        },
                        "tainted": false
                    },
                    "deposed": [],
                    "provider": ""
                },
                "aws_security_group_rule.outbound_tcp": {
                    "type": "aws_security_group_rule",
                    "depends_on": [
                        "aws_security_group.vault_server"
                    ],
                    "primary": {
                        "id": "sgrule-2830289875",
                        "attributes": {
                            "cidr_blocks.#": "1",
                            "cidr_blocks.0": "0.0.0.0/0",
                            "description": "",
                            "from_port": "0",
                            "id": "sgrule-2830289875",
                            "ipv6_cidr_blocks.#": "0",
                            "prefix_list_ids.#": "0",
                            "protocol": "tcp",
                            "security_group_id": "sg-10685362",
                            "self": "false",
                            "to_port": "65535",
                            "type": "egress"
                        },
                        "meta": {
                            "schema_version": "2"
                        },
                        "tainted": false
                    },
                    "deposed": [],
                    "provider": ""
                },
                "aws_security_group_rule.vault_client_traffic": {
                    "type": "aws_security_group_rule",
                    "depends_on": [
                        "aws_security_group.vault_server"
                    ],
                    "primary": {
                        "id": "sgrule-2978041672",
                        "attributes": {
                            "cidr_blocks.#": "1",
                            "cidr_blocks.0": "10.139.0.0/16",
                            "description": "",
                            "from_port": "8200",
                            "id": "sgrule-2978041672",
                            "ipv6_cidr_blocks.#": "0",
                            "prefix_list_ids.#": "0",
                            "protocol": "tcp",
                            "security_group_id": "sg-10685362",
                            "self": "false",
                            "to_port": "8200",
                            "type": "ingress"
                        },
                        "meta": {
                            "schema_version": "2"
                        },
                        "tainted": false
                    },
                    "deposed": [],
                    "provider": ""
                },
                "aws_security_group_rule.vault_cluster_traffic": {
                    "type": "aws_security_group_rule",
                    "depends_on": [
                        "aws_security_group.vault_server"
                    ],
                    "primary": {
                        "id": "sgrule-2261131942",
                        "attributes": {
                            "cidr_blocks.#": "1",
                            "cidr_blocks.0": "10.139.0.0/16",
                            "description": "",
                            "from_port": "8201",
                            "id": "sgrule-2261131942",
                            "ipv6_cidr_blocks.#": "0",
                            "prefix_list_ids.#": "0",
                            "protocol": "tcp",
                            "security_group_id": "sg-10685362",
                            "self": "false",
                            "to_port": "8201",
                            "type": "ingress"
                        },
                        "meta": {
                            "schema_version": "2"
                        },
                        "tainted": false
                    },
                    "deposed": [],
                    "provider": ""
                }
            },
            "depends_on": []
        }
    ]
}
